// !$*UTF8*$!
{
	archiveVersion = 1;
	classes = {
	};
	objectVersion = 46;
	objects = {

/* Begin PBXBuildFile section */
		14E359B638BDF0493E3431CF /* Pods_SceneCoordinator_Example.framework in Frameworks */ = {isa = PBXBuildFile; fileRef = 2F1274B1B4063AF2586A4EFD /* Pods_SceneCoordinator_Example.framework */; };
		607FACD61AFB9204008FA782 /* AppDelegate.swift in Sources */ = {isa = PBXBuildFile; fileRef = 607FACD51AFB9204008FA782 /* AppDelegate.swift */; };
		607FACDB1AFB9204008FA782 /* Main.storyboard in Resources */ = {isa = PBXBuildFile; fileRef = 607FACD91AFB9204008FA782 /* Main.storyboard */; };
		607FACDD1AFB9204008FA782 /* Images.xcassets in Resources */ = {isa = PBXBuildFile; fileRef = 607FACDC1AFB9204008FA782 /* Images.xcassets */; };
		607FACE01AFB9204008FA782 /* LaunchScreen.xib in Resources */ = {isa = PBXBuildFile; fileRef = 607FACDE1AFB9204008FA782 /* LaunchScreen.xib */; };
		607FACEC1AFB9204008FA782 /* Tests.swift in Sources */ = {isa = PBXBuildFile; fileRef = 607FACEB1AFB9204008FA782 /* Tests.swift */; };
		8096E9B9E295DFA83AAEC75E /* Pods_SceneCoordinator_Tests.framework in Frameworks */ = {isa = PBXBuildFile; fileRef = 8974BD7388F6D2CD1ACF3799 /* Pods_SceneCoordinator_Tests.framework */; };
		FE5C4F1F2154BC7100D8618C /* CustomTransition.swift in Sources */ = {isa = PBXBuildFile; fileRef = FE5C4F1E2154BC7100D8618C /* CustomTransition.swift */; };
		FE5C4F222154C58600D8618C /* TabOneViewController.swift in Sources */ = {isa = PBXBuildFile; fileRef = FE5C4F212154C58600D8618C /* TabOneViewController.swift */; };
		FE5C4F242154C59F00D8618C /* TabTwoViewController.swift in Sources */ = {isa = PBXBuildFile; fileRef = FE5C4F232154C59F00D8618C /* TabTwoViewController.swift */; };
		FE5C4F262154C5E600D8618C /* TabTwoPushedViewController.swift in Sources */ = {isa = PBXBuildFile; fileRef = FE5C4F252154C5E600D8618C /* TabTwoPushedViewController.swift */; };
		FE8A838321539C830089A3B7 /* MainViewController.swift in Sources */ = {isa = PBXBuildFile; fileRef = FE8A837C21539C820089A3B7 /* MainViewController.swift */; };
		FE8A838421539C830089A3B7 /* PushAndPopExampleViewController.swift in Sources */ = {isa = PBXBuildFile; fileRef = FE8A837D21539C820089A3B7 /* PushAndPopExampleViewController.swift */; };
		FE8A838521539C830089A3B7 /* PushAndPopBaseViewController.swift in Sources */ = {isa = PBXBuildFile; fileRef = FE8A837E21539C820089A3B7 /* PushAndPopBaseViewController.swift */; };
		FE8A838621539C830089A3B7 /* SecondViewController.swift in Sources */ = {isa = PBXBuildFile; fileRef = FE8A837F21539C820089A3B7 /* SecondViewController.swift */; };
		FE8A838721539C830089A3B7 /* FourthViewController.swift in Sources */ = {isa = PBXBuildFile; fileRef = FE8A838021539C820089A3B7 /* FourthViewController.swift */; };
		FE8A838821539C830089A3B7 /* ThirdViewController.swift in Sources */ = {isa = PBXBuildFile; fileRef = FE8A838121539C830089A3B7 /* ThirdViewController.swift */; };
		FE8A838921539C830089A3B7 /* FirstViewController.swift in Sources */ = {isa = PBXBuildFile; fileRef = FE8A838221539C830089A3B7 /* FirstViewController.swift */; };
		FE8A838C21539CAC0089A3B7 /* Main.swift in Sources */ = {isa = PBXBuildFile; fileRef = FE8A838B21539CAB0089A3B7 /* Main.swift */; };
		FE8A839021539CE20089A3B7 /* UITableView+Extension.swift in Sources */ = {isa = PBXBuildFile; fileRef = FE8A838F21539CE20089A3B7 /* UITableView+Extension.swift */; };
		FE8A839921548E190089A3B7 /* PresentSingleView.storyboard in Resources */ = {isa = PBXBuildFile; fileRef = FE8A839821548E190089A3B7 /* PresentSingleView.storyboard */; };
		FE8A839B21548E4A0089A3B7 /* PresentSingleFirstViewController.swift in Sources */ = {isa = PBXBuildFile; fileRef = FE8A839A21548E4A0089A3B7 /* PresentSingleFirstViewController.swift */; };
		FE8A839D21548EF40089A3B7 /* PresentSingleViewExampleViewController.swift in Sources */ = {isa = PBXBuildFile; fileRef = FE8A839C21548EF40089A3B7 /* PresentSingleViewExampleViewController.swift */; };
		FE8A839F21548F580089A3B7 /* PresentSingleView.swift in Sources */ = {isa = PBXBuildFile; fileRef = FE8A839E21548F580089A3B7 /* PresentSingleView.swift */; };
		FE8A83A221549ED20089A3B7 /* PresentNavExampleViewController.swift in Sources */ = {isa = PBXBuildFile; fileRef = FE8A83A121549ED20089A3B7 /* PresentNavExampleViewController.swift */; };
		FE8A83A421549F520089A3B7 /* PresentNav.storyboard in Resources */ = {isa = PBXBuildFile; fileRef = FE8A83A321549F520089A3B7 /* PresentNav.storyboard */; };
		FE8A83A621549F820089A3B7 /* NavFirstChildViewController.swift in Sources */ = {isa = PBXBuildFile; fileRef = FE8A83A521549F820089A3B7 /* NavFirstChildViewController.swift */; };
		FE8A83A821549FC30089A3B7 /* NavSecondChildViewController.swift in Sources */ = {isa = PBXBuildFile; fileRef = FE8A83A721549FC30089A3B7 /* NavSecondChildViewController.swift */; };
		FE8A83AA2154A01E0089A3B7 /* PresentNav.swift in Sources */ = {isa = PBXBuildFile; fileRef = FE8A83A92154A01E0089A3B7 /* PresentNav.swift */; };
		FEEBDEC9215B5BE2004E2C4E /* Main.storyboard in Resources */ = {isa = PBXBuildFile; fileRef = 607FACD91AFB9204008FA782 /* Main.storyboard */; };
		FEEBDECA215B5BE7004E2C4E /* PresentSingleView.storyboard in Resources */ = {isa = PBXBuildFile; fileRef = FE8A839821548E190089A3B7 /* PresentSingleView.storyboard */; };
		FEEBDECB215B5BEA004E2C4E /* PresentNav.storyboard in Resources */ = {isa = PBXBuildFile; fileRef = FE8A83A321549F520089A3B7 /* PresentNav.storyboard */; };
		FEEBDECC215B5BED004E2C4E /* UITableView+Extension.swift in Sources */ = {isa = PBXBuildFile; fileRef = FE8A838F21539CE20089A3B7 /* UITableView+Extension.swift */; };
		FEEBDECD215B5BF1004E2C4E /* Main.swift in Sources */ = {isa = PBXBuildFile; fileRef = FE8A838B21539CAB0089A3B7 /* Main.swift */; };
		FEEBDECE215B5BF3004E2C4E /* PresentSingleView.swift in Sources */ = {isa = PBXBuildFile; fileRef = FE8A839E21548F580089A3B7 /* PresentSingleView.swift */; };
		FEEBDECF215B5BF5004E2C4E /* PresentNav.swift in Sources */ = {isa = PBXBuildFile; fileRef = FE8A83A92154A01E0089A3B7 /* PresentNav.swift */; };
		FEEBDED0215B5BF9004E2C4E /* MainViewController.swift in Sources */ = {isa = PBXBuildFile; fileRef = FE8A837C21539C820089A3B7 /* MainViewController.swift */; };
		FEEBDED1215B5BFB004E2C4E /* CustomTransition.swift in Sources */ = {isa = PBXBuildFile; fileRef = FE5C4F1E2154BC7100D8618C /* CustomTransition.swift */; };
		FEEBDED2215B5BFE004E2C4E /* TabOneViewController.swift in Sources */ = {isa = PBXBuildFile; fileRef = FE5C4F212154C58600D8618C /* TabOneViewController.swift */; };
		FEEBDED3215B5C01004E2C4E /* TabTwoViewController.swift in Sources */ = {isa = PBXBuildFile; fileRef = FE5C4F232154C59F00D8618C /* TabTwoViewController.swift */; };
		FEEBDED4215B5C03004E2C4E /* TabTwoPushedViewController.swift in Sources */ = {isa = PBXBuildFile; fileRef = FE5C4F252154C5E600D8618C /* TabTwoPushedViewController.swift */; };
		FEEBDED5215B5C06004E2C4E /* PresentNavExampleViewController.swift in Sources */ = {isa = PBXBuildFile; fileRef = FE8A83A121549ED20089A3B7 /* PresentNavExampleViewController.swift */; };
		FEEBDED6215B5C09004E2C4E /* NavFirstChildViewController.swift in Sources */ = {isa = PBXBuildFile; fileRef = FE8A83A521549F820089A3B7 /* NavFirstChildViewController.swift */; };
		FEEBDED7215B5C0B004E2C4E /* NavSecondChildViewController.swift in Sources */ = {isa = PBXBuildFile; fileRef = FE8A83A721549FC30089A3B7 /* NavSecondChildViewController.swift */; };
		FEEBDED8215B5C0F004E2C4E /* FirstViewController.swift in Sources */ = {isa = PBXBuildFile; fileRef = FE8A838221539C830089A3B7 /* FirstViewController.swift */; };
		FEEBDED9215B5C11004E2C4E /* FourthViewController.swift in Sources */ = {isa = PBXBuildFile; fileRef = FE8A838021539C820089A3B7 /* FourthViewController.swift */; };
		FEEBDEDA215B5C14004E2C4E /* PushAndPopBaseViewController.swift in Sources */ = {isa = PBXBuildFile; fileRef = FE8A837E21539C820089A3B7 /* PushAndPopBaseViewController.swift */; };
		FEEBDEDB215B5C19004E2C4E /* PushAndPopExampleViewController.swift in Sources */ = {isa = PBXBuildFile; fileRef = FE8A837D21539C820089A3B7 /* PushAndPopExampleViewController.swift */; };
		FEEBDEDC215B5C1B004E2C4E /* SecondViewController.swift in Sources */ = {isa = PBXBuildFile; fileRef = FE8A837F21539C820089A3B7 /* SecondViewController.swift */; };
		FEEBDEDD215B5C1D004E2C4E /* ThirdViewController.swift in Sources */ = {isa = PBXBuildFile; fileRef = FE8A838121539C830089A3B7 /* ThirdViewController.swift */; };
		FEEBDEDE215B5C20004E2C4E /* PresentSingleViewExampleViewController.swift in Sources */ = {isa = PBXBuildFile; fileRef = FE8A839C21548EF40089A3B7 /* PresentSingleViewExampleViewController.swift */; };
		FEEBDEDF215B5C23004E2C4E /* PresentSingleFirstViewController.swift in Sources */ = {isa = PBXBuildFile; fileRef = FE8A839A21548E4A0089A3B7 /* PresentSingleFirstViewController.swift */; };
		FEEBDEE0215B5C26004E2C4E /* AppDelegate.swift in Sources */ = {isa = PBXBuildFile; fileRef = 607FACD51AFB9204008FA782 /* AppDelegate.swift */; };
/* End PBXBuildFile section */

/* Begin PBXContainerItemProxy section */
		607FACE61AFB9204008FA782 /* PBXContainerItemProxy */ = {
			isa = PBXContainerItemProxy;
			containerPortal = 607FACC81AFB9204008FA782 /* Project object */;
			proxyType = 1;
			remoteGlobalIDString = 607FACCF1AFB9204008FA782;
			remoteInfo = SceneCoordinator;
		};
/* End PBXContainerItemProxy section */

/* Begin PBXFileReference section */
		2F1274B1B4063AF2586A4EFD /* Pods_SceneCoordinator_Example.framework */ = {isa = PBXFileReference; explicitFileType = wrapper.framework; includeInIndex = 0; path = Pods_SceneCoordinator_Example.framework; sourceTree = BUILT_PRODUCTS_DIR; };
		506BE08DE914BA0E6BC9BBB8 /* Pods-SceneCoordinator_Tests.release.xcconfig */ = {isa = PBXFileReference; includeInIndex = 1; lastKnownFileType = text.xcconfig; name = "Pods-SceneCoordinator_Tests.release.xcconfig"; path = "Pods/Target Support Files/Pods-SceneCoordinator_Tests/Pods-SceneCoordinator_Tests.release.xcconfig"; sourceTree = "<group>"; };
		607FACD01AFB9204008FA782 /* SceneCoordinator_Example.app */ = {isa = PBXFileReference; explicitFileType = wrapper.application; includeInIndex = 0; path = SceneCoordinator_Example.app; sourceTree = BUILT_PRODUCTS_DIR; };
		607FACD41AFB9204008FA782 /* Info.plist */ = {isa = PBXFileReference; lastKnownFileType = text.plist.xml; path = Info.plist; sourceTree = "<group>"; };
		607FACD51AFB9204008FA782 /* AppDelegate.swift */ = {isa = PBXFileReference; lastKnownFileType = sourcecode.swift; path = AppDelegate.swift; sourceTree = "<group>"; };
		607FACDA1AFB9204008FA782 /* Base */ = {isa = PBXFileReference; lastKnownFileType = file.storyboard; name = Base; path = Base.lproj/Main.storyboard; sourceTree = "<group>"; };
		607FACDC1AFB9204008FA782 /* Images.xcassets */ = {isa = PBXFileReference; lastKnownFileType = folder.assetcatalog; path = Images.xcassets; sourceTree = "<group>"; };
		607FACDF1AFB9204008FA782 /* Base */ = {isa = PBXFileReference; lastKnownFileType = file.xib; name = Base; path = Base.lproj/LaunchScreen.xib; sourceTree = "<group>"; };
		607FACE51AFB9204008FA782 /* SceneCoordinator_Tests.xctest */ = {isa = PBXFileReference; explicitFileType = wrapper.cfbundle; includeInIndex = 0; path = SceneCoordinator_Tests.xctest; sourceTree = BUILT_PRODUCTS_DIR; };
		607FACEA1AFB9204008FA782 /* Info.plist */ = {isa = PBXFileReference; lastKnownFileType = text.plist.xml; path = Info.plist; sourceTree = "<group>"; };
		607FACEB1AFB9204008FA782 /* Tests.swift */ = {isa = PBXFileReference; lastKnownFileType = sourcecode.swift; path = Tests.swift; sourceTree = "<group>"; };
		658D2D0189073EA9CAB5E269 /* Pods-SceneCoordinator_Example.debug.xcconfig */ = {isa = PBXFileReference; includeInIndex = 1; lastKnownFileType = text.xcconfig; name = "Pods-SceneCoordinator_Example.debug.xcconfig"; path = "Pods/Target Support Files/Pods-SceneCoordinator_Example/Pods-SceneCoordinator_Example.debug.xcconfig"; sourceTree = "<group>"; };
		7891BC749FDC9504E33E977F /* README.md */ = {isa = PBXFileReference; includeInIndex = 1; lastKnownFileType = net.daringfireball.markdown; name = README.md; path = ../README.md; sourceTree = "<group>"; };
		82D933A5867E899FB0281438 /* Pods-SceneCoordinator_Example.release.xcconfig */ = {isa = PBXFileReference; includeInIndex = 1; lastKnownFileType = text.xcconfig; name = "Pods-SceneCoordinator_Example.release.xcconfig"; path = "Pods/Target Support Files/Pods-SceneCoordinator_Example/Pods-SceneCoordinator_Example.release.xcconfig"; sourceTree = "<group>"; };
		8974BD7388F6D2CD1ACF3799 /* Pods_SceneCoordinator_Tests.framework */ = {isa = PBXFileReference; explicitFileType = wrapper.framework; includeInIndex = 0; path = Pods_SceneCoordinator_Tests.framework; sourceTree = BUILT_PRODUCTS_DIR; };
		907974AD6B7B4AE901307C90 /* LICENSE */ = {isa = PBXFileReference; includeInIndex = 1; lastKnownFileType = text; name = LICENSE; path = ../LICENSE; sourceTree = "<group>"; };
		D66104CE0617493BD041E970 /* SceneCoordinator.podspec */ = {isa = PBXFileReference; includeInIndex = 1; lastKnownFileType = text; name = SceneCoordinator.podspec; path = ../SceneCoordinator.podspec; sourceTree = "<group>"; xcLanguageSpecificationIdentifier = xcode.lang.ruby; };
		DAC47C56B45E1DFBB57E2471 /* Pods-SceneCoordinator_Tests.debug.xcconfig */ = {isa = PBXFileReference; includeInIndex = 1; lastKnownFileType = text.xcconfig; name = "Pods-SceneCoordinator_Tests.debug.xcconfig"; path = "Pods/Target Support Files/Pods-SceneCoordinator_Tests/Pods-SceneCoordinator_Tests.debug.xcconfig"; sourceTree = "<group>"; };
		FE5C4F1E2154BC7100D8618C /* CustomTransition.swift */ = {isa = PBXFileReference; lastKnownFileType = sourcecode.swift; path = CustomTransition.swift; sourceTree = "<group>"; };
		FE5C4F212154C58600D8618C /* TabOneViewController.swift */ = {isa = PBXFileReference; lastKnownFileType = sourcecode.swift; path = TabOneViewController.swift; sourceTree = "<group>"; };
		FE5C4F232154C59F00D8618C /* TabTwoViewController.swift */ = {isa = PBXFileReference; lastKnownFileType = sourcecode.swift; path = TabTwoViewController.swift; sourceTree = "<group>"; };
		FE5C4F252154C5E600D8618C /* TabTwoPushedViewController.swift */ = {isa = PBXFileReference; lastKnownFileType = sourcecode.swift; path = TabTwoPushedViewController.swift; sourceTree = "<group>"; };
		FE8A837C21539C820089A3B7 /* MainViewController.swift */ = {isa = PBXFileReference; fileEncoding = 4; lastKnownFileType = sourcecode.swift; path = MainViewController.swift; sourceTree = "<group>"; };
		FE8A837D21539C820089A3B7 /* PushAndPopExampleViewController.swift */ = {isa = PBXFileReference; fileEncoding = 4; lastKnownFileType = sourcecode.swift; path = PushAndPopExampleViewController.swift; sourceTree = "<group>"; };
		FE8A837E21539C820089A3B7 /* PushAndPopBaseViewController.swift */ = {isa = PBXFileReference; fileEncoding = 4; lastKnownFileType = sourcecode.swift; path = PushAndPopBaseViewController.swift; sourceTree = "<group>"; };
		FE8A837F21539C820089A3B7 /* SecondViewController.swift */ = {isa = PBXFileReference; fileEncoding = 4; lastKnownFileType = sourcecode.swift; path = SecondViewController.swift; sourceTree = "<group>"; };
		FE8A838021539C820089A3B7 /* FourthViewController.swift */ = {isa = PBXFileReference; fileEncoding = 4; lastKnownFileType = sourcecode.swift; path = FourthViewController.swift; sourceTree = "<group>"; };
		FE8A838121539C830089A3B7 /* ThirdViewController.swift */ = {isa = PBXFileReference; fileEncoding = 4; lastKnownFileType = sourcecode.swift; path = ThirdViewController.swift; sourceTree = "<group>"; };
		FE8A838221539C830089A3B7 /* FirstViewController.swift */ = {isa = PBXFileReference; fileEncoding = 4; lastKnownFileType = sourcecode.swift; path = FirstViewController.swift; sourceTree = "<group>"; };
		FE8A838B21539CAB0089A3B7 /* Main.swift */ = {isa = PBXFileReference; fileEncoding = 4; lastKnownFileType = sourcecode.swift; path = Main.swift; sourceTree = "<group>"; };
		FE8A838F21539CE20089A3B7 /* UITableView+Extension.swift */ = {isa = PBXFileReference; fileEncoding = 4; lastKnownFileType = sourcecode.swift; path = "UITableView+Extension.swift"; sourceTree = "<group>"; };
		FE8A839821548E190089A3B7 /* PresentSingleView.storyboard */ = {isa = PBXFileReference; lastKnownFileType = file.storyboard; path = PresentSingleView.storyboard; sourceTree = "<group>"; };
		FE8A839A21548E4A0089A3B7 /* PresentSingleFirstViewController.swift */ = {isa = PBXFileReference; lastKnownFileType = sourcecode.swift; path = PresentSingleFirstViewController.swift; sourceTree = "<group>"; };
		FE8A839C21548EF40089A3B7 /* PresentSingleViewExampleViewController.swift */ = {isa = PBXFileReference; lastKnownFileType = sourcecode.swift; path = PresentSingleViewExampleViewController.swift; sourceTree = "<group>"; };
		FE8A839E21548F580089A3B7 /* PresentSingleView.swift */ = {isa = PBXFileReference; lastKnownFileType = sourcecode.swift; path = PresentSingleView.swift; sourceTree = "<group>"; };
		FE8A83A121549ED20089A3B7 /* PresentNavExampleViewController.swift */ = {isa = PBXFileReference; lastKnownFileType = sourcecode.swift; path = PresentNavExampleViewController.swift; sourceTree = "<group>"; };
		FE8A83A321549F520089A3B7 /* PresentNav.storyboard */ = {isa = PBXFileReference; lastKnownFileType = file.storyboard; path = PresentNav.storyboard; sourceTree = "<group>"; };
		FE8A83A521549F820089A3B7 /* NavFirstChildViewController.swift */ = {isa = PBXFileReference; lastKnownFileType = sourcecode.swift; path = NavFirstChildViewController.swift; sourceTree = "<group>"; };
		FE8A83A721549FC30089A3B7 /* NavSecondChildViewController.swift */ = {isa = PBXFileReference; lastKnownFileType = sourcecode.swift; path = NavSecondChildViewController.swift; sourceTree = "<group>"; };
		FE8A83A92154A01E0089A3B7 /* PresentNav.swift */ = {isa = PBXFileReference; lastKnownFileType = sourcecode.swift; path = PresentNav.swift; sourceTree = "<group>"; };
/* End PBXFileReference section */

/* Begin PBXFrameworksBuildPhase section */
		607FACCD1AFB9204008FA782 /* Frameworks */ = {
			isa = PBXFrameworksBuildPhase;
			buildActionMask = 2147483647;
			files = (
				14E359B638BDF0493E3431CF /* Pods_SceneCoordinator_Example.framework in Frameworks */,
			);
			runOnlyForDeploymentPostprocessing = 0;
		};
		607FACE21AFB9204008FA782 /* Frameworks */ = {
			isa = PBXFrameworksBuildPhase;
			buildActionMask = 2147483647;
			files = (
				8096E9B9E295DFA83AAEC75E /* Pods_SceneCoordinator_Tests.framework in Frameworks */,
			);
			runOnlyForDeploymentPostprocessing = 0;
		};
/* End PBXFrameworksBuildPhase section */

/* Begin PBXGroup section */
		345CCF6289CC5FCA6A21D8A9 /* Pods */ = {
			isa = PBXGroup;
			children = (
				658D2D0189073EA9CAB5E269 /* Pods-SceneCoordinator_Example.debug.xcconfig */,
				82D933A5867E899FB0281438 /* Pods-SceneCoordinator_Example.release.xcconfig */,
				DAC47C56B45E1DFBB57E2471 /* Pods-SceneCoordinator_Tests.debug.xcconfig */,
				506BE08DE914BA0E6BC9BBB8 /* Pods-SceneCoordinator_Tests.release.xcconfig */,
			);
			name = Pods;
			sourceTree = "<group>";
		};
		4D92634C04FBC684E4F4C1D1 /* Frameworks */ = {
			isa = PBXGroup;
			children = (
				2F1274B1B4063AF2586A4EFD /* Pods_SceneCoordinator_Example.framework */,
				8974BD7388F6D2CD1ACF3799 /* Pods_SceneCoordinator_Tests.framework */,
			);
			name = Frameworks;
			sourceTree = "<group>";
		};
		607FACC71AFB9204008FA782 = {
			isa = PBXGroup;
			children = (
				607FACF51AFB993E008FA782 /* Podspec Metadata */,
				607FACD21AFB9204008FA782 /* Example for SceneCoordinator */,
				607FACE81AFB9204008FA782 /* Tests */,
				607FACD11AFB9204008FA782 /* Products */,
				345CCF6289CC5FCA6A21D8A9 /* Pods */,
				4D92634C04FBC684E4F4C1D1 /* Frameworks */,
			);
			sourceTree = "<group>";
		};
		607FACD11AFB9204008FA782 /* Products */ = {
			isa = PBXGroup;
			children = (
				607FACD01AFB9204008FA782 /* SceneCoordinator_Example.app */,
				607FACE51AFB9204008FA782 /* SceneCoordinator_Tests.xctest */,
			);
			name = Products;
			sourceTree = "<group>";
		};
		607FACD21AFB9204008FA782 /* Example for SceneCoordinator */ = {
			isa = PBXGroup;
			children = (
				FE8A839721548DDE0089A3B7 /* Storyboards */,
				FE8A838E21539CD50089A3B7 /* Extensions */,
				FE8A838D21539CC30089A3B7 /* Scenes */,
				FE8A838A21539C890089A3B7 /* ViewControllers */,
				607FACD51AFB9204008FA782 /* AppDelegate.swift */,
				607FACDC1AFB9204008FA782 /* Images.xcassets */,
				607FACDE1AFB9204008FA782 /* LaunchScreen.xib */,
				607FACD31AFB9204008FA782 /* Supporting Files */,
			);
			name = "Example for SceneCoordinator";
			path = SceneCoordinator;
			sourceTree = "<group>";
		};
		607FACD31AFB9204008FA782 /* Supporting Files */ = {
			isa = PBXGroup;
			children = (
				607FACD41AFB9204008FA782 /* Info.plist */,
			);
			name = "Supporting Files";
			sourceTree = "<group>";
		};
		607FACE81AFB9204008FA782 /* Tests */ = {
			isa = PBXGroup;
			children = (
				607FACEB1AFB9204008FA782 /* Tests.swift */,
				607FACE91AFB9204008FA782 /* Supporting Files */,
			);
			path = Tests;
			sourceTree = "<group>";
		};
		607FACE91AFB9204008FA782 /* Supporting Files */ = {
			isa = PBXGroup;
			children = (
				607FACEA1AFB9204008FA782 /* Info.plist */,
			);
			name = "Supporting Files";
			sourceTree = "<group>";
		};
		607FACF51AFB993E008FA782 /* Podspec Metadata */ = {
			isa = PBXGroup;
			children = (
				D66104CE0617493BD041E970 /* SceneCoordinator.podspec */,
				7891BC749FDC9504E33E977F /* README.md */,
				907974AD6B7B4AE901307C90 /* LICENSE */,
			);
			name = "Podspec Metadata";
			sourceTree = "<group>";
		};
		FE5C4F202154C56200D8618C /* TabChildViewControllers */ = {
			isa = PBXGroup;
			children = (
				FE5C4F212154C58600D8618C /* TabOneViewController.swift */,
				FE5C4F232154C59F00D8618C /* TabTwoViewController.swift */,
				FE5C4F252154C5E600D8618C /* TabTwoPushedViewController.swift */,
			);
			name = TabChildViewControllers;
			sourceTree = "<group>";
		};
		FE8A838A21539C890089A3B7 /* ViewControllers */ = {
			isa = PBXGroup;
			children = (
				FE8A837C21539C820089A3B7 /* MainViewController.swift */,
				FE5C4F1E2154BC7100D8618C /* CustomTransition.swift */,
				FE5C4F202154C56200D8618C /* TabChildViewControllers */,
				FE8A83A0215499A10089A3B7 /* PresentNavBar */,
				FE8A839521548DB00089A3B7 /* Push And Pop */,
				FE8A839621548DC80089A3B7 /* PresentSingleView */,
			);
			name = ViewControllers;
			sourceTree = "<group>";
		};
		FE8A838D21539CC30089A3B7 /* Scenes */ = {
			isa = PBXGroup;
			children = (
				FE8A838B21539CAB0089A3B7 /* Main.swift */,
				FE8A839E21548F580089A3B7 /* PresentSingleView.swift */,
				FE8A83A92154A01E0089A3B7 /* PresentNav.swift */,
			);
			name = Scenes;
			sourceTree = "<group>";
		};
		FE8A838E21539CD50089A3B7 /* Extensions */ = {
			isa = PBXGroup;
			children = (
				FE8A838F21539CE20089A3B7 /* UITableView+Extension.swift */,
			);
			name = Extensions;
			sourceTree = "<group>";
		};
		FE8A839521548DB00089A3B7 /* Push And Pop */ = {
			isa = PBXGroup;
			children = (
				FE8A838221539C830089A3B7 /* FirstViewController.swift */,
				FE8A838021539C820089A3B7 /* FourthViewController.swift */,
				FE8A837E21539C820089A3B7 /* PushAndPopBaseViewController.swift */,
				FE8A837D21539C820089A3B7 /* PushAndPopExampleViewController.swift */,
				FE8A837F21539C820089A3B7 /* SecondViewController.swift */,
				FE8A838121539C830089A3B7 /* ThirdViewController.swift */,
			);
			name = "Push And Pop";
			sourceTree = "<group>";
		};
		FE8A839621548DC80089A3B7 /* PresentSingleView */ = {
			isa = PBXGroup;
			children = (
				FE8A839C21548EF40089A3B7 /* PresentSingleViewExampleViewController.swift */,
				FE8A839A21548E4A0089A3B7 /* PresentSingleFirstViewController.swift */,
			);
			name = PresentSingleView;
			sourceTree = "<group>";
		};
		FE8A839721548DDE0089A3B7 /* Storyboards */ = {
			isa = PBXGroup;
			children = (
				607FACD91AFB9204008FA782 /* Main.storyboard */,
				FE8A839821548E190089A3B7 /* PresentSingleView.storyboard */,
				FE8A83A321549F520089A3B7 /* PresentNav.storyboard */,
			);
			name = Storyboards;
			sourceTree = "<group>";
		};
		FE8A83A0215499A10089A3B7 /* PresentNavBar */ = {
			isa = PBXGroup;
			children = (
				FE8A83A121549ED20089A3B7 /* PresentNavExampleViewController.swift */,
				FE8A83A521549F820089A3B7 /* NavFirstChildViewController.swift */,
				FE8A83A721549FC30089A3B7 /* NavSecondChildViewController.swift */,
			);
			name = PresentNavBar;
			sourceTree = "<group>";
		};
/* End PBXGroup section */

/* Begin PBXNativeTarget section */
		607FACCF1AFB9204008FA782 /* SceneCoordinator_Example */ = {
			isa = PBXNativeTarget;
			buildConfigurationList = 607FACEF1AFB9204008FA782 /* Build configuration list for PBXNativeTarget "SceneCoordinator_Example" */;
			buildPhases = (
				59D018E4A33DE2BF2DA0CDB3 /* [CP] Check Pods Manifest.lock */,
				607FACCC1AFB9204008FA782 /* Sources */,
				607FACCD1AFB9204008FA782 /* Frameworks */,
				607FACCE1AFB9204008FA782 /* Resources */,
				4E5D2CD6F59672ED1EB92214 /* [CP] Embed Pods Frameworks */,
			);
			buildRules = (
			);
			dependencies = (
			);
			name = SceneCoordinator_Example;
			productName = SceneCoordinator;
			productReference = 607FACD01AFB9204008FA782 /* SceneCoordinator_Example.app */;
			productType = "com.apple.product-type.application";
		};
		607FACE41AFB9204008FA782 /* SceneCoordinator_Tests */ = {
			isa = PBXNativeTarget;
			buildConfigurationList = 607FACF21AFB9204008FA782 /* Build configuration list for PBXNativeTarget "SceneCoordinator_Tests" */;
			buildPhases = (
				465A68E29BFFBF1AFC89910B /* [CP] Check Pods Manifest.lock */,
				607FACE11AFB9204008FA782 /* Sources */,
				607FACE21AFB9204008FA782 /* Frameworks */,
				607FACE31AFB9204008FA782 /* Resources */,
			);
			buildRules = (
			);
			dependencies = (
				607FACE71AFB9204008FA782 /* PBXTargetDependency */,
			);
			name = SceneCoordinator_Tests;
			productName = Tests;
			productReference = 607FACE51AFB9204008FA782 /* SceneCoordinator_Tests.xctest */;
			productType = "com.apple.product-type.bundle.unit-test";
		};
/* End PBXNativeTarget section */

/* Begin PBXProject section */
		607FACC81AFB9204008FA782 /* Project object */ = {
			isa = PBXProject;
			attributes = {
				LastSwiftUpdateCheck = 0830;
				LastUpgradeCheck = 0830;
				ORGANIZATIONNAME = CocoaPods;
				TargetAttributes = {
					607FACCF1AFB9204008FA782 = {
						CreatedOnToolsVersion = 6.3.1;
						LastSwiftMigration = 0900;
					};
					607FACE41AFB9204008FA782 = {
						CreatedOnToolsVersion = 6.3.1;
						LastSwiftMigration = 0900;
						TestTargetID = 607FACCF1AFB9204008FA782;
					};
				};
			};
			buildConfigurationList = 607FACCB1AFB9204008FA782 /* Build configuration list for PBXProject "SceneCoordinator" */;
			compatibilityVersion = "Xcode 3.2";
			developmentRegion = English;
			hasScannedForEncodings = 0;
			knownRegions = (
				en,
				Base,
			);
			mainGroup = 607FACC71AFB9204008FA782;
			productRefGroup = 607FACD11AFB9204008FA782 /* Products */;
			projectDirPath = "";
			projectRoot = "";
			targets = (
				607FACCF1AFB9204008FA782 /* SceneCoordinator_Example */,
				607FACE41AFB9204008FA782 /* SceneCoordinator_Tests */,
			);
		};
/* End PBXProject section */

/* Begin PBXResourcesBuildPhase section */
		607FACCE1AFB9204008FA782 /* Resources */ = {
			isa = PBXResourcesBuildPhase;
			buildActionMask = 2147483647;
			files = (
				607FACDB1AFB9204008FA782 /* Main.storyboard in Resources */,
				FE8A839921548E190089A3B7 /* PresentSingleView.storyboard in Resources */,
				607FACE01AFB9204008FA782 /* LaunchScreen.xib in Resources */,
				607FACDD1AFB9204008FA782 /* Images.xcassets in Resources */,
				FE8A83A421549F520089A3B7 /* PresentNav.storyboard in Resources */,
			);
			runOnlyForDeploymentPostprocessing = 0;
		};
		607FACE31AFB9204008FA782 /* Resources */ = {
			isa = PBXResourcesBuildPhase;
			buildActionMask = 2147483647;
			files = (
				FEEBDEC9215B5BE2004E2C4E /* Main.storyboard in Resources */,
				FEEBDECB215B5BEA004E2C4E /* PresentNav.storyboard in Resources */,
				FEEBDECA215B5BE7004E2C4E /* PresentSingleView.storyboard in Resources */,
			);
			runOnlyForDeploymentPostprocessing = 0;
		};
/* End PBXResourcesBuildPhase section */

/* Begin PBXShellScriptBuildPhase section */
		465A68E29BFFBF1AFC89910B /* [CP] Check Pods Manifest.lock */ = {
			isa = PBXShellScriptBuildPhase;
			buildActionMask = 2147483647;
			files = (
			);
			inputPaths = (
				"${PODS_PODFILE_DIR_PATH}/Podfile.lock",
				"${PODS_ROOT}/Manifest.lock",
			);
			name = "[CP] Check Pods Manifest.lock";
			outputPaths = (
				"$(DERIVED_FILE_DIR)/Pods-SceneCoordinator_Tests-checkManifestLockResult.txt",
			);
			runOnlyForDeploymentPostprocessing = 0;
			shellPath = /bin/sh;
			shellScript = "diff \"${PODS_PODFILE_DIR_PATH}/Podfile.lock\" \"${PODS_ROOT}/Manifest.lock\" > /dev/null\nif [ $? != 0 ] ; then\n    # print error to STDERR\n    echo \"error: The sandbox is not in sync with the Podfile.lock. Run 'pod install' or update your CocoaPods installation.\" >&2\n    exit 1\nfi\n# This output is used by Xcode 'outputs' to avoid re-running this script phase.\necho \"SUCCESS\" > \"${SCRIPT_OUTPUT_FILE_0}\"\n";
			showEnvVarsInLog = 0;
		};
		4E5D2CD6F59672ED1EB92214 /* [CP] Embed Pods Frameworks */ = {
			isa = PBXShellScriptBuildPhase;
			buildActionMask = 2147483647;
			files = (
			);
			inputPaths = (
				"${SRCROOT}/Pods/Target Support Files/Pods-SceneCoordinator_Example/Pods-SceneCoordinator_Example-frameworks.sh",
				"${BUILT_PRODUCTS_DIR}/SceneCoordinator/SceneCoordinator.framework",
			);
			name = "[CP] Embed Pods Frameworks";
			outputPaths = (
				"${TARGET_BUILD_DIR}/${FRAMEWORKS_FOLDER_PATH}/SceneCoordinator.framework",
			);
			runOnlyForDeploymentPostprocessing = 0;
			shellPath = /bin/sh;
			shellScript = "\"${SRCROOT}/Pods/Target Support Files/Pods-SceneCoordinator_Example/Pods-SceneCoordinator_Example-frameworks.sh\"\n";
			showEnvVarsInLog = 0;
		};
		59D018E4A33DE2BF2DA0CDB3 /* [CP] Check Pods Manifest.lock */ = {
			isa = PBXShellScriptBuildPhase;
			buildActionMask = 2147483647;
			files = (
			);
			inputPaths = (
				"${PODS_PODFILE_DIR_PATH}/Podfile.lock",
				"${PODS_ROOT}/Manifest.lock",
			);
			name = "[CP] Check Pods Manifest.lock";
			outputPaths = (
				"$(DERIVED_FILE_DIR)/Pods-SceneCoordinator_Example-checkManifestLockResult.txt",
			);
			runOnlyForDeploymentPostprocessing = 0;
			shellPath = /bin/sh;
			shellScript = "diff \"${PODS_PODFILE_DIR_PATH}/Podfile.lock\" \"${PODS_ROOT}/Manifest.lock\" > /dev/null\nif [ $? != 0 ] ; then\n    # print error to STDERR\n    echo \"error: The sandbox is not in sync with the Podfile.lock. Run 'pod install' or update your CocoaPods installation.\" >&2\n    exit 1\nfi\n# This output is used by Xcode 'outputs' to avoid re-running this script phase.\necho \"SUCCESS\" > \"${SCRIPT_OUTPUT_FILE_0}\"\n";
			showEnvVarsInLog = 0;
		};
/* End PBXShellScriptBuildPhase section */

/* Begin PBXSourcesBuildPhase section */
		607FACCC1AFB9204008FA782 /* Sources */ = {
			isa = PBXSourcesBuildPhase;
			buildActionMask = 2147483647;
			files = (
				FE8A839B21548E4A0089A3B7 /* PresentSingleFirstViewController.swift in Sources */,
				FE8A839021539CE20089A3B7 /* UITableView+Extension.swift in Sources */,
				FE5C4F262154C5E600D8618C /* TabTwoPushedViewController.swift in Sources */,
				FE5C4F222154C58600D8618C /* TabOneViewController.swift in Sources */,
				FE8A838C21539CAC0089A3B7 /* Main.swift in Sources */,
				FE8A838921539C830089A3B7 /* FirstViewController.swift in Sources */,
				FE8A838621539C830089A3B7 /* SecondViewController.swift in Sources */,
				FE8A83A821549FC30089A3B7 /* NavSecondChildViewController.swift in Sources */,
				FE8A83A221549ED20089A3B7 /* PresentNavExampleViewController.swift in Sources */,
				FE8A838321539C830089A3B7 /* MainViewController.swift in Sources */,
				FE8A838521539C830089A3B7 /* PushAndPopBaseViewController.swift in Sources */,
				FE8A838721539C830089A3B7 /* FourthViewController.swift in Sources */,
				FE8A83A621549F820089A3B7 /* NavFirstChildViewController.swift in Sources */,
				FE8A839D21548EF40089A3B7 /* PresentSingleViewExampleViewController.swift in Sources */,
				FE8A839F21548F580089A3B7 /* PresentSingleView.swift in Sources */,
				FE5C4F1F2154BC7100D8618C /* CustomTransition.swift in Sources */,
				FE8A838421539C830089A3B7 /* PushAndPopExampleViewController.swift in Sources */,
				FE8A838821539C830089A3B7 /* ThirdViewController.swift in Sources */,
				FE5C4F242154C59F00D8618C /* TabTwoViewController.swift in Sources */,
				607FACD61AFB9204008FA782 /* AppDelegate.swift in Sources */,
				FE8A83AA2154A01E0089A3B7 /* PresentNav.swift in Sources */,
			);
			runOnlyForDeploymentPostprocessing = 0;
		};
		607FACE11AFB9204008FA782 /* Sources */ = {
			isa = PBXSourcesBuildPhase;
			buildActionMask = 2147483647;
			files = (
				FEEBDEE0215B5C26004E2C4E /* AppDelegate.swift in Sources */,
				FEEBDED4215B5C03004E2C4E /* TabTwoPushedViewController.swift in Sources */,
				FEEBDEDB215B5C19004E2C4E /* PushAndPopExampleViewController.swift in Sources */,
				FEEBDECE215B5BF3004E2C4E /* PresentSingleView.swift in Sources */,
				FEEBDED1215B5BFB004E2C4E /* CustomTransition.swift in Sources */,
				FEEBDEDD215B5C1D004E2C4E /* ThirdViewController.swift in Sources */,
				FEEBDED3215B5C01004E2C4E /* TabTwoViewController.swift in Sources */,
				FEEBDECF215B5BF5004E2C4E /* PresentNav.swift in Sources */,
				FEEBDECD215B5BF1004E2C4E /* Main.swift in Sources */,
				FEEBDEDF215B5C23004E2C4E /* PresentSingleFirstViewController.swift in Sources */,
				FEEBDED7215B5C0B004E2C4E /* NavSecondChildViewController.swift in Sources */,
				FEEBDED0215B5BF9004E2C4E /* MainViewController.swift in Sources */,
				FEEBDED2215B5BFE004E2C4E /* TabOneViewController.swift in Sources */,
				FEEBDED9215B5C11004E2C4E /* FourthViewController.swift in Sources */,
				FEEBDED6215B5C09004E2C4E /* NavFirstChildViewController.swift in Sources */,
				FEEBDEDC215B5C1B004E2C4E /* SecondViewController.swift in Sources */,
				607FACEC1AFB9204008FA782 /* Tests.swift in Sources */,
				FEEBDED5215B5C06004E2C4E /* PresentNavExampleViewController.swift in Sources */,
				FEEBDEDE215B5C20004E2C4E /* PresentSingleViewExampleViewController.swift in Sources */,
				FEEBDEDA215B5C14004E2C4E /* PushAndPopBaseViewController.swift in Sources */,
				FEEBDECC215B5BED004E2C4E /* UITableView+Extension.swift in Sources */,
				FEEBDED8215B5C0F004E2C4E /* FirstViewController.swift in Sources */,
			);
			runOnlyForDeploymentPostprocessing = 0;
		};
/* End PBXSourcesBuildPhase section */

/* Begin PBXTargetDependency section */
		607FACE71AFB9204008FA782 /* PBXTargetDependency */ = {
			isa = PBXTargetDependency;
			target = 607FACCF1AFB9204008FA782 /* SceneCoordinator_Example */;
			targetProxy = 607FACE61AFB9204008FA782 /* PBXContainerItemProxy */;
		};
/* End PBXTargetDependency section */

/* Begin PBXVariantGroup section */
		607FACD91AFB9204008FA782 /* Main.storyboard */ = {
			isa = PBXVariantGroup;
			children = (
				607FACDA1AFB9204008FA782 /* Base */,
			);
			name = Main.storyboard;
			sourceTree = "<group>";
		};
		607FACDE1AFB9204008FA782 /* LaunchScreen.xib */ = {
			isa = PBXVariantGroup;
			children = (
				607FACDF1AFB9204008FA782 /* Base */,
			);
			name = LaunchScreen.xib;
			sourceTree = "<group>";
		};
/* End PBXVariantGroup section */

/* Begin XCBuildConfiguration section */
		607FACED1AFB9204008FA782 /* Debug */ = {
			isa = XCBuildConfiguration;
			buildSettings = {
				ALWAYS_SEARCH_USER_PATHS = NO;
				CLANG_CXX_LANGUAGE_STANDARD = "gnu++0x";
				CLANG_CXX_LIBRARY = "libc++";
				CLANG_ENABLE_MODULES = YES;
				CLANG_ENABLE_OBJC_ARC = YES;
				CLANG_WARN_BLOCK_CAPTURE_AUTORELEASING = YES;
				CLANG_WARN_BOOL_CONVERSION = YES;
				CLANG_WARN_COMMA = YES;
				CLANG_WARN_CONSTANT_CONVERSION = YES;
				CLANG_WARN_DIRECT_OBJC_ISA_USAGE = YES_ERROR;
				CLANG_WARN_EMPTY_BODY = YES;
				CLANG_WARN_ENUM_CONVERSION = YES;
				CLANG_WARN_INFINITE_RECURSION = YES;
				CLANG_WARN_INT_CONVERSION = YES;
				CLANG_WARN_NON_LITERAL_NULL_CONVERSION = YES;
				CLANG_WARN_OBJC_LITERAL_CONVERSION = YES;
				CLANG_WARN_OBJC_ROOT_CLASS = YES_ERROR;
				CLANG_WARN_RANGE_LOOP_ANALYSIS = YES;
				CLANG_WARN_STRICT_PROTOTYPES = YES;
				CLANG_WARN_SUSPICIOUS_MOVE = YES;
				CLANG_WARN_UNREACHABLE_CODE = YES;
				CLANG_WARN__DUPLICATE_METHOD_MATCH = YES;
				"CODE_SIGN_IDENTITY[sdk=iphoneos*]" = "iPhone Developer";
				COPY_PHASE_STRIP = NO;
				DEBUG_INFORMATION_FORMAT = "dwarf-with-dsym";
				ENABLE_STRICT_OBJC_MSGSEND = YES;
				ENABLE_TESTABILITY = YES;
				GCC_C_LANGUAGE_STANDARD = gnu99;
				GCC_DYNAMIC_NO_PIC = NO;
				GCC_NO_COMMON_BLOCKS = YES;
				GCC_OPTIMIZATION_LEVEL = 0;
				GCC_PREPROCESSOR_DEFINITIONS = (
					"DEBUG=1",
					"$(inherited)",
				);
				GCC_SYMBOLS_PRIVATE_EXTERN = NO;
				GCC_WARN_64_TO_32_BIT_CONVERSION = YES;
				GCC_WARN_ABOUT_RETURN_TYPE = YES_ERROR;
				GCC_WARN_UNDECLARED_SELECTOR = YES;
				GCC_WARN_UNINITIALIZED_AUTOS = YES_AGGRESSIVE;
				GCC_WARN_UNUSED_FUNCTION = YES;
				GCC_WARN_UNUSED_VARIABLE = YES;
				IPHONEOS_DEPLOYMENT_TARGET = 9.3;
				MTL_ENABLE_DEBUG_INFO = YES;
				ONLY_ACTIVE_ARCH = YES;
				SDKROOT = iphoneos;
				SWIFT_OPTIMIZATION_LEVEL = "-Onone";
			};
			name = Debug;
		};
		607FACEE1AFB9204008FA782 /* Release */ = {
			isa = XCBuildConfiguration;
			buildSettings = {
				ALWAYS_SEARCH_USER_PATHS = NO;
				CLANG_CXX_LANGUAGE_STANDARD = "gnu++0x";
				CLANG_CXX_LIBRARY = "libc++";
				CLANG_ENABLE_MODULES = YES;
				CLANG_ENABLE_OBJC_ARC = YES;
				CLANG_WARN_BLOCK_CAPTURE_AUTORELEASING = YES;
				CLANG_WARN_BOOL_CONVERSION = YES;
				CLANG_WARN_COMMA = YES;
				CLANG_WARN_CONSTANT_CONVERSION = YES;
				CLANG_WARN_DIRECT_OBJC_ISA_USAGE = YES_ERROR;
				CLANG_WARN_EMPTY_BODY = YES;
				CLANG_WARN_ENUM_CONVERSION = YES;
				CLANG_WARN_INFINITE_RECURSION = YES;
				CLANG_WARN_INT_CONVERSION = YES;
				CLANG_WARN_NON_LITERAL_NULL_CONVERSION = YES;
				CLANG_WARN_OBJC_LITERAL_CONVERSION = YES;
				CLANG_WARN_OBJC_ROOT_CLASS = YES_ERROR;
				CLANG_WARN_RANGE_LOOP_ANALYSIS = YES;
				CLANG_WARN_STRICT_PROTOTYPES = YES;
				CLANG_WARN_SUSPICIOUS_MOVE = YES;
				CLANG_WARN_UNREACHABLE_CODE = YES;
				CLANG_WARN__DUPLICATE_METHOD_MATCH = YES;
				"CODE_SIGN_IDENTITY[sdk=iphoneos*]" = "iPhone Developer";
				COPY_PHASE_STRIP = NO;
				DEBUG_INFORMATION_FORMAT = "dwarf-with-dsym";
				ENABLE_NS_ASSERTIONS = NO;
				ENABLE_STRICT_OBJC_MSGSEND = YES;
				GCC_C_LANGUAGE_STANDARD = gnu99;
				GCC_NO_COMMON_BLOCKS = YES;
				GCC_WARN_64_TO_32_BIT_CONVERSION = YES;
				GCC_WARN_ABOUT_RETURN_TYPE = YES_ERROR;
				GCC_WARN_UNDECLARED_SELECTOR = YES;
				GCC_WARN_UNINITIALIZED_AUTOS = YES_AGGRESSIVE;
				GCC_WARN_UNUSED_FUNCTION = YES;
				GCC_WARN_UNUSED_VARIABLE = YES;
				IPHONEOS_DEPLOYMENT_TARGET = 9.3;
				MTL_ENABLE_DEBUG_INFO = NO;
				SDKROOT = iphoneos;
				SWIFT_OPTIMIZATION_LEVEL = "-Owholemodule";
				VALIDATE_PRODUCT = YES;
			};
			name = Release;
		};
		607FACF01AFB9204008FA782 /* Debug */ = {
			isa = XCBuildConfiguration;
			baseConfigurationReference = 658D2D0189073EA9CAB5E269 /* Pods-SceneCoordinator_Example.debug.xcconfig */;
			buildSettings = {
				ASSETCATALOG_COMPILER_APPICON_NAME = AppIcon;
				INFOPLIST_FILE = SceneCoordinator/Info.plist;
				LD_RUNPATH_SEARCH_PATHS = "$(inherited) @executable_path/Frameworks";
				MODULE_NAME = ExampleApp;
				PRODUCT_BUNDLE_IDENTIFIER = "org.cocoapods.demo.$(PRODUCT_NAME:rfc1034identifier)";
				PRODUCT_NAME = "$(TARGET_NAME)";
				SWIFT_SWIFT3_OBJC_INFERENCE = Default;
				SWIFT_VERSION = 4.0;
			};
			name = Debug;
		};
		607FACF11AFB9204008FA782 /* Release */ = {
			isa = XCBuildConfiguration;
			baseConfigurationReference = 82D933A5867E899FB0281438 /* Pods-SceneCoordinator_Example.release.xcconfig */;
			buildSettings = {
				ASSETCATALOG_COMPILER_APPICON_NAME = AppIcon;
				INFOPLIST_FILE = SceneCoordinator/Info.plist;
				LD_RUNPATH_SEARCH_PATHS = "$(inherited) @executable_path/Frameworks";
				MODULE_NAME = ExampleApp;
				PRODUCT_BUNDLE_IDENTIFIER = "org.cocoapods.demo.$(PRODUCT_NAME:rfc1034identifier)";
				PRODUCT_NAME = "$(TARGET_NAME)";
				SWIFT_SWIFT3_OBJC_INFERENCE = Default;
				SWIFT_VERSION = 4.0;
			};
			name = Release;
		};
		607FACF31AFB9204008FA782 /* Debug */ = {
			isa = XCBuildConfiguration;
			baseConfigurationReference = DAC47C56B45E1DFBB57E2471 /* Pods-SceneCoordinator_Tests.debug.xcconfig */;
			buildSettings = {
				FRAMEWORK_SEARCH_PATHS = (
					"$(SDKROOT)/Developer/Library/Frameworks",
					"$(inherited)",
				);
				GCC_PREPROCESSOR_DEFINITIONS = (
					"DEBUG=1",
					"$(inherited)",
				);
				INFOPLIST_FILE = Tests/Info.plist;
				LD_RUNPATH_SEARCH_PATHS = "$(inherited) @executable_path/Frameworks @loader_path/Frameworks";
				PRODUCT_BUNDLE_IDENTIFIER = "org.cocoapods.$(PRODUCT_NAME:rfc1034identifier)";
				PRODUCT_NAME = "$(TARGET_NAME)";
				SWIFT_SWIFT3_OBJC_INFERENCE = Default;
				SWIFT_VERSION = 4.0;
				TEST_HOST = "$(BUILT_PRODUCTS_DIR)/SceneCoordinator_Example.app/SceneCoordinator_Example";
			};
			name = Debug;
		};
		607FACF41AFB9204008FA782 /* Release */ = {
			isa = XCBuildConfiguration;
			baseConfigurationReference = 506BE08DE914BA0E6BC9BBB8 /* Pods-SceneCoordinator_Tests.release.xcconfig */;
			buildSettings = {
				FRAMEWORK_SEARCH_PATHS = (
					"$(SDKROOT)/Developer/Library/Frameworks",
					"$(inherited)",
				);
				INFOPLIST_FILE = Tests/Info.plist;
				LD_RUNPATH_SEARCH_PATHS = "$(inherited) @executable_path/Frameworks @loader_path/Frameworks";
				PRODUCT_BUNDLE_IDENTIFIER = "org.cocoapods.$(PRODUCT_NAME:rfc1034identifier)";
				PRODUCT_NAME = "$(TARGET_NAME)";
				SWIFT_SWIFT3_OBJC_INFERENCE = Default;
				SWIFT_VERSION = 4.0;
				TEST_HOST = "$(BUILT_PRODUCTS_DIR)/SceneCoordinator_Example.app/SceneCoordinator_Example";
			};
			name = Release;
		};
/* End XCBuildConfiguration section */

/* Begin XCConfigurationList section */
		607FACCB1AFB9204008FA782 /* Build configuration list for PBXProject "SceneCoordinator" */ = {
			isa = XCConfigurationList;
			buildConfigurations = (
				607FACED1AFB9204008FA782 /* Debug */,
				607FACEE1AFB9204008FA782 /* Release */,
			);
			defaultConfigurationIsVisible = 0;
			defaultConfigurationName = Release;
		};
		607FACEF1AFB9204008FA782 /* Build configuration list for PBXNativeTarget "SceneCoordinator_Example" */ = {
			isa = XCConfigurationList;
			buildConfigurations = (
				607FACF01AFB9204008FA782 /* Debug */,
				607FACF11AFB9204008FA782 /* Release */,
			);
			defaultConfigurationIsVisible = 0;
			defaultConfigurationName = Release;
		};
		607FACF21AFB9204008FA782 /* Build configuration list for PBXNativeTarget "SceneCoordinator_Tests" */ = {
			isa = XCConfigurationList;
			buildConfigurations = (
				607FACF31AFB9204008FA782 /* Debug */,
				607FACF41AFB9204008FA782 /* Release */,
			);
			defaultConfigurationIsVisible = 0;
			defaultConfigurationName = Release;
		};
/* End XCConfigurationList section */
	};
	rootObject = 607FACC81AFB9204008FA782 /* Project object */;
}
